
Microsoft Visual Studio Solution File, Format Version 12.00
# Visual Studio Version 16
VisualStudioVersion = 16.0.29102.190
MinimumVisualStudioVersion = 10.0.40219.1
Project("{9A19103F-16F7-4668-BE54-9A1E7A4F7556}") = "MaterialGallery", "MaterialGallery/MaterialGallery.csproj", "{F56585C3-8CBC-4A42-B23A-67E85DD623FE}"
EndProject
Global
	GlobalSection(SolutionConfigurationPlatforms) = preSolution
		Debug|Any CPU = Debug|Any CPU
		Release|Any CPU = Release|Any CPU
	EndGlobalSection
	GlobalSection(ProjectConfigurationPlatforms) = postSolution
		{F56585C3-8CBC-4A42-B23A-67E85DD623FE}.Debug|Any CPU.ActiveCfg = Debug|Any CPU
		{F56585C3-8CBC-4A42-B23A-67E85DD623FE}.Debug|Any CPU.Build.0 = Debug|Any CPU
		{F56585C3-8CBC-4A42-B23A-67E85DD623FE}.Release|Any CPU.ActiveCfg = Release|Any CPU
		{F56585C3-8CBC-4A42-B23A-67E85DD623FE}.Release|Any CPU.Build.0 = Release|Any CPU
	EndGlobalSection
	GlobalSection(SolutionProperties) = preSolution
		HideSolutionNode = FALSE
	EndGlobalSection
	GlobalSection(ExtensibilityGlobals) = postSolution
		SolutionGuid = {C6E1171C-2D1C-4C70-B54A-360420042536}
	EndGlobalSection
EndGlobal
