
Microsoft Visual Studio Solution File, Format Version 12.00
# Visual Studio Version 16
VisualStudioVersion = 16.0.29102.190
MinimumVisualStudioVersion = 10.0.40219.1
Project("{9A19103F-16F7-4668-BE54-9A1E7A4F7556}") = "WatchFaceSDC2019", "WatchFaceSDC2019\WatchFaceSDC2019.csproj", "{93A291EA-EA60-485E-B0E1-BA456CC02C1C}"
EndProject
Global
	GlobalSection(SolutionConfigurationPlatforms) = preSolution
		Debug|Any CPU = Debug|Any CPU
		Release|Any CPU = Release|Any CPU
	EndGlobalSection
	GlobalSection(ProjectConfigurationPlatforms) = postSolution
		{93A291EA-EA60-485E-B0E1-BA456CC02C1C}.Debug|Any CPU.ActiveCfg = Debug|Any CPU
		{93A291EA-EA60-485E-B0E1-BA456CC02C1C}.Debug|Any CPU.Build.0 = Debug|Any CPU
		{93A291EA-EA60-485E-B0E1-BA456CC02C1C}.Release|Any CPU.ActiveCfg = Release|Any CPU
		{93A291EA-EA60-485E-B0E1-BA456CC02C1C}.Release|Any CPU.Build.0 = Release|Any CPU
	EndGlobalSection
	GlobalSection(SolutionProperties) = preSolution
		HideSolutionNode = FALSE
	EndGlobalSection
	GlobalSection(ExtensibilityGlobals) = postSolution
		SolutionGuid = {072A382A-35FA-4554-949F-35D75D912805}
	EndGlobalSection
EndGlobal
